
Microsoft Visual Studio Solution File, Format Version 12.00
# Visual Studio Version 17
VisualStudioVersion = 17.9.34728.123
MinimumVisualStudioVersion = 10.0.40219.1
Project("{FAE04EC0-301F-11D3-BF4B-00C04F79EFBC}") = "TpCarrito", "TpCarrito\TpCarrito.csproj", "{0490C431-B8B8-404F-AB8A-9D6B9D71C28B}"
EndProject
Project("{2150E333-8FDC-42A3-9474-1A3956D46DE8}") = "Elementos de la solución", "Elementos de la solución", "{D8F197D1-4102-4B1F-977D-A80B7A5397D2}"
EndProject
Global
	GlobalSection(SolutionConfigurationPlatforms) = preSolution
		Debug|Any CPU = Debug|Any CPU
		Release|Any CPU = Release|Any CPU
	EndGlobalSection
	GlobalSection(ProjectConfigurationPlatforms) = postSolution
		{0490C431-B8B8-404F-AB8A-9D6B9D71C28B}.Debug|Any CPU.ActiveCfg = Debug|Any CPU
		{0490C431-B8B8-404F-AB8A-9D6B9D71C28B}.Debug|Any CPU.Build.0 = Debug|Any CPU
		{0490C431-B8B8-404F-AB8A-9D6B9D71C28B}.Release|Any CPU.ActiveCfg = Release|Any CPU
		{0490C431-B8B8-404F-AB8A-9D6B9D71C28B}.Release|Any CPU.Build.0 = Release|Any CPU
	EndGlobalSection
	GlobalSection(SolutionProperties) = preSolution
		HideSolutionNode = FALSE
	EndGlobalSection
	GlobalSection(ExtensibilityGlobals) = postSolution
		SolutionGuid = {96AF27E2-1A62-48DF-9340-E7486267E267}
	EndGlobalSection
EndGlobal
